hash: e62a8882de8de860283b3c1c7aea1e9a0af2af156601eaee9e4b8715e6461940
updated: 2017-03-18T13:16:08.180478734-03:00
imports:
- name: github.com/tj/go-debug
  version: ff4a55a20a86994118644bbddc6a216da193cc13
- name: gopkg.in/redis.v5
  version: a16aeec10ff407b1e7be6dd35797ccf5426ef0f0
  subpackages:
  - internal
  - internal/consistenthash
  - internal/hashtag
  - internal/pool
  - internal/proto
testImports: []
